
Microsoft Visual Studio Solution File, Format Version 12.00
# Visual Studio Version 17
VisualStudioVersion = 17.8.34212.112
MinimumVisualStudioVersion = 10.0.40219.1
Project("{9A19103F-16F7-4668-BE54-9A1E7A4F7556}") = "NZWalks.API", "NZWalks.API\NZWalks.API.csproj", "{F2EC6C9B-2039-428E-8C83-F71C34A5AA13}"
	ProjectSection(ProjectDependencies) = postProject
		{197973D6-C675-4058-881F-58AAE0C87CA1} = {197973D6-C675-4058-881F-58AAE0C87CA1}
		{ECBACAF3-CC28-45C8-99E8-EC26269CD4E8} = {ECBACAF3-CC28-45C8-99E8-EC26269CD4E8}
	EndProjectSection
EndProject
Project("{9A19103F-16F7-4668-BE54-9A1E7A4F7556}") = "NZWalks.DataAccess", "NZWalks.DataAccess\NZWalks.DataAccess.csproj", "{197973D6-C675-4058-881F-58AAE0C87CA1}"
EndProject
Project("{9A19103F-16F7-4668-BE54-9A1E7A4F7556}") = "NZWalks.Model", "NZWalks.Model\NZWalks.Model.csproj", "{ECBACAF3-CC28-45C8-99E8-EC26269CD4E8}"
EndProject
Global
	GlobalSection(SolutionConfigurationPlatforms) = preSolution
		Debug|Any CPU = Debug|Any CPU
		Release|Any CPU = Release|Any CPU
	EndGlobalSection
	GlobalSection(ProjectConfigurationPlatforms) = postSolution
		{F2EC6C9B-2039-428E-8C83-F71C34A5AA13}.Debug|Any CPU.ActiveCfg = Debug|Any CPU
		{F2EC6C9B-2039-428E-8C83-F71C34A5AA13}.Debug|Any CPU.Build.0 = Debug|Any CPU
		{F2EC6C9B-2039-428E-8C83-F71C34A5AA13}.Release|Any CPU.ActiveCfg = Release|Any CPU
		{F2EC6C9B-2039-428E-8C83-F71C34A5AA13}.Release|Any CPU.Build.0 = Release|Any CPU
		{197973D6-C675-4058-881F-58AAE0C87CA1}.Debug|Any CPU.ActiveCfg = Debug|Any CPU
		{197973D6-C675-4058-881F-58AAE0C87CA1}.Debug|Any CPU.Build.0 = Debug|Any CPU
		{197973D6-C675-4058-881F-58AAE0C87CA1}.Release|Any CPU.ActiveCfg = Release|Any CPU
		{197973D6-C675-4058-881F-58AAE0C87CA1}.Release|Any CPU.Build.0 = Release|Any CPU
		{ECBACAF3-CC28-45C8-99E8-EC26269CD4E8}.Debug|Any CPU.ActiveCfg = Debug|Any CPU
		{ECBACAF3-CC28-45C8-99E8-EC26269CD4E8}.Debug|Any CPU.Build.0 = Debug|Any CPU
		{ECBACAF3-CC28-45C8-99E8-EC26269CD4E8}.Release|Any CPU.ActiveCfg = Release|Any CPU
		{ECBACAF3-CC28-45C8-99E8-EC26269CD4E8}.Release|Any CPU.Build.0 = Release|Any CPU
	EndGlobalSection
	GlobalSection(SolutionProperties) = preSolution
		HideSolutionNode = FALSE
	EndGlobalSection
	GlobalSection(ExtensibilityGlobals) = postSolution
		SolutionGuid = {63A3DDA9-8C1E-434F-B085-D3AD3AD96B40}
	EndGlobalSection
EndGlobal
